
Microsoft Visual Studio Solution File, Format Version 12.00
# Visual Studio Version 16
VisualStudioVersion = 16.0.29306.81
MinimumVisualStudioVersion = 10.0.40219.1
Project("{FAE04EC0-301F-11D3-BF4B-00C04F79EFBC}") = "HelloWord", "HelloWord\HelloWord.csproj", "{EB553199-5F06-43FC-93F4-FF07235BB036}"
EndProject
Global
	GlobalSection(SolutionConfigurationPlatforms) = preSolution
		Debug|Any CPU = Debug|Any CPU
		Release|Any CPU = Release|Any CPU
	EndGlobalSection
	GlobalSection(ProjectConfigurationPlatforms) = postSolution
		{EB553199-5F06-43FC-93F4-FF07235BB036}.Debug|Any CPU.ActiveCfg = Debug|Any CPU
		{EB553199-5F06-43FC-93F4-FF07235BB036}.Debug|Any CPU.Build.0 = Debug|Any CPU
		{EB553199-5F06-43FC-93F4-FF07235BB036}.Release|Any CPU.ActiveCfg = Release|Any CPU
		{EB553199-5F06-43FC-93F4-FF07235BB036}.Release|Any CPU.Build.0 = Release|Any CPU
	EndGlobalSection
	GlobalSection(SolutionProperties) = preSolution
		HideSolutionNode = FALSE
	EndGlobalSection
	GlobalSection(ExtensibilityGlobals) = postSolution
		SolutionGuid = {AA88A785-4D79-4175-812D-D10E32B8CBCD}
	EndGlobalSection
EndGlobal
